// !$*UTF8*$!
{
	archiveVersion = 1;
	classes = {
	};
	objectVersion = 56;
	objects = {

/* Begin PBXBuildFile section */
		F0A93D962A0A5B8C0061CD6A /* AppDelegate.swift in Sources */ = {isa = PBXBuildFile; fileRef = F0A93D952A0A5B8C0061CD6A /* AppDelegate.swift */; };
		F0A93D982A0A5B8C0061CD6A /* SceneDelegate.swift in Sources */ = {isa = PBXBuildFile; fileRef = F0A93D972A0A5B8C0061CD6A /* SceneDelegate.swift */; };
		F0A93D9A2A0A5B8C0061CD6A /* ViewController.swift in Sources */ = {isa = PBXBuildFile; fileRef = F0A93D992A0A5B8C0061CD6A /* ViewController.swift */; };
		F0A93D9D2A0A5B8C0061CD6A /* Main.storyboard in Resources */ = {isa = PBXBuildFile; fileRef = F0A93D9B2A0A5B8C0061CD6A /* Main.storyboard */; };
		F0A93D9F2A0A5B8F0061CD6A /* Assets.xcassets in Resources */ = {isa = PBXBuildFile; fileRef = F0A93D9E2A0A5B8F0061CD6A /* Assets.xcassets */; };
		F0A93DA22A0A5B8F0061CD6A /* LaunchScreen.storyboard in Resources */ = {isa = PBXBuildFile; fileRef = F0A93DA02A0A5B8F0061CD6A /* LaunchScreen.storyboard */; };
		F0A93DAD2A0A5B8F0061CD6A /* Currency_converterTests.swift in Sources */ = {isa = PBXBuildFile; fileRef = F0A93DAC2A0A5B8F0061CD6A /* Currency_converterTests.swift */; };
		F0A93DB72A0A5B8F0061CD6A /* Currency_converterUITests.swift in Sources */ = {isa = PBXBuildFile; fileRef = F0A93DB62A0A5B8F0061CD6A /* Currency_converterUITests.swift */; };
		F0A93DB92A0A5B8F0061CD6A /* Currency_converterUITestsLaunchTests.swift in Sources */ = {isa = PBXBuildFile; fileRef = F0A93DB82A0A5B8F0061CD6A /* Currency_converterUITestsLaunchTests.swift */; };
/* End PBXBuildFile section */

/* Begin PBXContainerItemProxy section */
		F0A93DA92A0A5B8F0061CD6A /* PBXContainerItemProxy */ = {
			isa = PBXContainerItemProxy;
			containerPortal = F0A93D8A2A0A5B8C0061CD6A /* Project object */;
			proxyType = 1;
			remoteGlobalIDString = F0A93D912A0A5B8C0061CD6A;
			remoteInfo = "Currency converter";
		};
		F0A93DB32A0A5B8F0061CD6A /* PBXContainerItemProxy */ = {
			isa = PBXContainerItemProxy;
			containerPortal = F0A93D8A2A0A5B8C0061CD6A /* Project object */;
			proxyType = 1;
			remoteGlobalIDString = F0A93D912A0A5B8C0061CD6A;
			remoteInfo = "Currency converter";
		};
/* End PBXContainerItemProxy section */

/* Begin PBXFileReference section */
		F0A93D922A0A5B8C0061CD6A /* Currency converter.app */ = {isa = PBXFileReference; explicitFileType = wrapper.application; includeInIndex = 0; path = "Currency converter.app"; sourceTree = BUILT_PRODUCTS_DIR; };
		F0A93D952A0A5B8C0061CD6A /* AppDelegate.swift */ = {isa = PBXFileReference; lastKnownFileType = sourcecode.swift; path = AppDelegate.swift; sourceTree = "<group>"; };
		F0A93D972A0A5B8C0061CD6A /* SceneDelegate.swift */ = {isa = PBXFileReference; lastKnownFileType = sourcecode.swift; path = SceneDelegate.swift; sourceTree = "<group>"; };
		F0A93D992A0A5B8C0061CD6A /* ViewController.swift */ = {isa = PBXFileReference; lastKnownFileType = sourcecode.swift; path = ViewController.swift; sourceTree = "<group>"; };
		F0A93D9C2A0A5B8C0061CD6A /* Base */ = {isa = PBXFileReference; lastKnownFileType = file.storyboard; name = Base; path = Base.lproj/Main.storyboard; sourceTree = "<group>"; };
		F0A93D9E2A0A5B8F0061CD6A /* Assets.xcassets */ = {isa = PBXFileReference; lastKnownFileType = folder.assetcatalog; path = Assets.xcassets; sourceTree = "<group>"; };
		F0A93DA12A0A5B8F0061CD6A /* Base */ = {isa = PBXFileReference; lastKnownFileType = file.storyboard; name = Base; path = Base.lproj/LaunchScreen.storyboard; sourceTree = "<group>"; };
		F0A93DA32A0A5B8F0061CD6A /* Info.plist */ = {isa = PBXFileReference; lastKnownFileType = text.plist.xml; path = Info.plist; sourceTree = "<group>"; };
		F0A93DA82A0A5B8F0061CD6A /* Currency converterTests.xctest */ = {isa = PBXFileReference; explicitFileType = wrapper.cfbundle; includeInIndex = 0; path = "Currency converterTests.xctest"; sourceTree = BUILT_PRODUCTS_DIR; };
		F0A93DAC2A0A5B8F0061CD6A /* Currency_converterTests.swift */ = {isa = PBXFileReference; lastKnownFileType = sourcecode.swift; path = Currency_converterTests.swift; sourceTree = "<group>"; };
		F0A93DB22A0A5B8F0061CD6A /* Currency converterUITests.xctest */ = {isa = PBXFileReference; explicitFileType = wrapper.cfbundle; includeInIndex = 0; path = "Currency converterUITests.xctest"; sourceTree = BUILT_PRODUCTS_DIR; };
		F0A93DB62A0A5B8F0061CD6A /* Currency_converterUITests.swift */ = {isa = PBXFileReference; lastKnownFileType = sourcecode.swift; path = Currency_converterUITests.swift; sourceTree = "<group>"; };
		F0A93DB82A0A5B8F0061CD6A /* Currency_converterUITestsLaunchTests.swift */ = {isa = PBXFileReference; lastKnownFileType = sourcecode.swift; path = Currency_converterUITestsLaunchTests.swift; sourceTree = "<group>"; };
/* End PBXFileReference section */

/* Begin PBXFrameworksBuildPhase section */
		F0A93D8F2A0A5B8C0061CD6A /* Frameworks */ = {
			isa = PBXFrameworksBuildPhase;
			buildActionMask = 2147483647;
			files = (
			);
			runOnlyForDeploymentPostprocessing = 0;
		};
		F0A93DA52A0A5B8F0061CD6A /* Frameworks */ = {
			isa = PBXFrameworksBuildPhase;
			buildActionMask = 2147483647;
			files = (
			);
			runOnlyForDeploymentPostprocessing = 0;
		};
		F0A93DAF2A0A5B8F0061CD6A /* Frameworks */ = {
			isa = PBXFrameworksBuildPhase;
			buildActionMask = 2147483647;
			files = (
			);
			runOnlyForDeploymentPostprocessing = 0;
		};
/* End PBXFrameworksBuildPhase section */

/* Begin PBXGroup section */
		F0A93D892A0A5B8C0061CD6A = {
			isa = PBXGroup;
			children = (
				F0A93D942A0A5B8C0061CD6A /* Currency converter */,
				F0A93DAB2A0A5B8F0061CD6A /* Currency converterTests */,
				F0A93DB52A0A5B8F0061CD6A /* Currency converterUITests */,
				F0A93D932A0A5B8C0061CD6A /* Products */,
			);
			sourceTree = "<group>";
		};
		F0A93D932A0A5B8C0061CD6A /* Products */ = {
			isa = PBXGroup;
			children = (
				F0A93D922A0A5B8C0061CD6A /* Currency converter.app */,
				F0A93DA82A0A5B8F0061CD6A /* Currency converterTests.xctest */,
				F0A93DB22A0A5B8F0061CD6A /* Currency converterUITests.xctest */,
			);
			name = Products;
			sourceTree = "<group>";
		};
		F0A93D942A0A5B8C0061CD6A /* Currency converter */ = {
			isa = PBXGroup;
			children = (
				F0A93D952A0A5B8C0061CD6A /* AppDelegate.swift */,
				F0A93D972A0A5B8C0061CD6A /* SceneDelegate.swift */,
				F0A93D992A0A5B8C0061CD6A /* ViewController.swift */,
				F0A93D9B2A0A5B8C0061CD6A /* Main.storyboard */,
				F0A93D9E2A0A5B8F0061CD6A /* Assets.xcassets */,
				F0A93DA02A0A5B8F0061CD6A /* LaunchScreen.storyboard */,
				F0A93DA32A0A5B8F0061CD6A /* Info.plist */,
			);
			path = "Currency converter";
			sourceTree = "<group>";
		};
		F0A93DAB2A0A5B8F0061CD6A /* Currency converterTests */ = {
			isa = PBXGroup;
			children = (
				F0A93DAC2A0A5B8F0061CD6A /* Currency_converterTests.swift */,
			);
			path = "Currency converterTests";
			sourceTree = "<group>";
		};
		F0A93DB52A0A5B8F0061CD6A /* Currency converterUITests */ = {
			isa = PBXGroup;
			children = (
				F0A93DB62A0A5B8F0061CD6A /* Currency_converterUITests.swift */,
				F0A93DB82A0A5B8F0061CD6A /* Currency_converterUITestsLaunchTests.swift */,
			);
			path = "Currency converterUITests";
			sourceTree = "<group>";
		};
/* End PBXGroup section */

/* Begin PBXNativeTarget section */
		F0A93D912A0A5B8C0061CD6A /* Currency converter */ = {
			isa = PBXNativeTarget;
			buildConfigurationList = F0A93DBC2A0A5B8F0061CD6A /* Build configuration list for PBXNativeTarget "Currency converter" */;
			buildPhases = (
				F0A93D8E2A0A5B8C0061CD6A /* Sources */,
				F0A93D8F2A0A5B8C0061CD6A /* Frameworks */,
				F0A93D902A0A5B8C0061CD6A /* Resources */,
			);
			buildRules = (
			);
			dependencies = (
			);
			name = "Currency converter";
			productName = "Currency converter";
			productReference = F0A93D922A0A5B8C0061CD6A /* Currency converter.app */;
			productType = "com.apple.product-type.application";
		};
		F0A93DA72A0A5B8F0061CD6A /* Currency converterTests */ = {
			isa = PBXNativeTarget;
			buildConfigurationList = F0A93DBF2A0A5B8F0061CD6A /* Build configuration list for PBXNativeTarget "Currency converterTests" */;
			buildPhases = (
				F0A93DA42A0A5B8F0061CD6A /* Sources */,
				F0A93DA52A0A5B8F0061CD6A /* Frameworks */,
				F0A93DA62A0A5B8F0061CD6A /* Resources */,
			);
			buildRules = (
			);
			dependencies = (
				F0A93DAA2A0A5B8F0061CD6A /* PBXTargetDependency */,
			);
			name = "Currency converterTests";
			productName = "Currency converterTests";
			productReference = F0A93DA82A0A5B8F0061CD6A /* Currency converterTests.xctest */;
			productType = "com.apple.product-type.bundle.unit-test";
		};
		F0A93DB12A0A5B8F0061CD6A /* Currency converterUITests */ = {
			isa = PBXNativeTarget;
			buildConfigurationList = F0A93DC22A0A5B8F0061CD6A /* Build configuration list for PBXNativeTarget "Currency converterUITests" */;
			buildPhases = (
				F0A93DAE2A0A5B8F0061CD6A /* Sources */,
				F0A93DAF2A0A5B8F0061CD6A /* Frameworks */,
				F0A93DB02A0A5B8F0061CD6A /* Resources */,
			);
			buildRules = (
			);
			dependencies = (
				F0A93DB42A0A5B8F0061CD6A /* PBXTargetDependency */,
			);
			name = "Currency converterUITests";
			productName = "Currency converterUITests";
			productReference = F0A93DB22A0A5B8F0061CD6A /* Currency converterUITests.xctest */;
			productType = "com.apple.product-type.bundle.ui-testing";
		};
/* End PBXNativeTarget section */

/* Begin PBXProject section */
		F0A93D8A2A0A5B8C0061CD6A /* Project object */ = {
			isa = PBXProject;
			attributes = {
				BuildIndependentTargetsInParallel = 1;
				LastSwiftUpdateCheck = 1420;
				LastUpgradeCheck = 1420;
				TargetAttributes = {
					F0A93D912A0A5B8C0061CD6A = {
						CreatedOnToolsVersion = 14.2;
					};
					F0A93DA72A0A5B8F0061CD6A = {
						CreatedOnToolsVersion = 14.2;
						TestTargetID = F0A93D912A0A5B8C0061CD6A;
					};
					F0A93DB12A0A5B8F0061CD6A = {
						CreatedOnToolsVersion = 14.2;
						TestTargetID = F0A93D912A0A5B8C0061CD6A;
					};
				};
			};
			buildConfigurationList = F0A93D8D2A0A5B8C0061CD6A /* Build configuration list for PBXProject "Currency converter" */;
			compatibilityVersion = "Xcode 14.0";
			developmentRegion = en;
			hasScannedForEncodings = 0;
			knownRegions = (
				en,
				Base,
			);
			mainGroup = F0A93D892A0A5B8C0061CD6A;
			productRefGroup = F0A93D932A0A5B8C0061CD6A /* Products */;
			projectDirPath = "";
			projectRoot = "";
			targets = (
				F0A93D912A0A5B8C0061CD6A /* Currency converter */,
				F0A93DA72A0A5B8F0061CD6A /* Currency converterTests */,
				F0A93DB12A0A5B8F0061CD6A /* Currency converterUITests */,
			);
		};
/* End PBXProject section */

/* Begin PBXResourcesBuildPhase section */
		F0A93D902A0A5B8C0061CD6A /* Resources */ = {
			isa = PBXResourcesBuildPhase;
			buildActionMask = 2147483647;
			files = (
				F0A93DA22A0A5B8F0061CD6A /* LaunchScreen.storyboard in Resources */,
				F0A93D9F2A0A5B8F0061CD6A /* Assets.xcassets in Resources */,
				F0A93D9D2A0A5B8C0061CD6A /* Main.storyboard in Resources */,
			);
			runOnlyForDeploymentPostprocessing = 0;
		};
		F0A93DA62A0A5B8F0061CD6A /* Resources */ = {
			isa = PBXResourcesBuildPhase;
			buildActionMask = 2147483647;
			files = (
			);
			runOnlyForDeploymentPostprocessing = 0;
		};
		F0A93DB02A0A5B8F0061CD6A /* Resources */ = {
			isa = PBXResourcesBuildPhase;
			buildActionMask = 2147483647;
			files = (
			);
			runOnlyForDeploymentPostprocessing = 0;
		};
/* End PBXResourcesBuildPhase section */

/* Begin PBXSourcesBuildPhase section */
		F0A93D8E2A0A5B8C0061CD6A /* Sources */ = {
			isa = PBXSourcesBuildPhase;
			buildActionMask = 2147483647;
			files = (
				F0A93D9A2A0A5B8C0061CD6A /* ViewController.swift in Sources */,
				F0A93D962A0A5B8C0061CD6A /* AppDelegate.swift in Sources */,
				F0A93D982A0A5B8C0061CD6A /* SceneDelegate.swift in Sources */,
			);
			runOnlyForDeploymentPostprocessing = 0;
		};
		F0A93DA42A0A5B8F0061CD6A /* Sources */ = {
			isa = PBXSourcesBuildPhase;
			buildActionMask = 2147483647;
			files = (
				F0A93DAD2A0A5B8F0061CD6A /* Currency_converterTests.swift in Sources */,
			);
			runOnlyForDeploymentPostprocessing = 0;
		};
		F0A93DAE2A0A5B8F0061CD6A /* Sources */ = {
			isa = PBXSourcesBuildPhase;
			buildActionMask = 2147483647;
			files = (
				F0A93DB92A0A5B8F0061CD6A /* Currency_converterUITestsLaunchTests.swift in Sources */,
				F0A93DB72A0A5B8F0061CD6A /* Currency_converterUITests.swift in Sources */,
			);
			runOnlyForDeploymentPostprocessing = 0;
		};
/* End PBXSourcesBuildPhase section */

/* Begin PBXTargetDependency section */
		F0A93DAA2A0A5B8F0061CD6A /* PBXTargetDependency */ = {
			isa = PBXTargetDependency;
			target = F0A93D912A0A5B8C0061CD6A /* Currency converter */;
			targetProxy = F0A93DA92A0A5B8F0061CD6A /* PBXContainerItemProxy */;
		};
		F0A93DB42A0A5B8F0061CD6A /* PBXTargetDependency */ = {
			isa = PBXTargetDependency;
			target = F0A93D912A0A5B8C0061CD6A /* Currency converter */;
			targetProxy = F0A93DB32A0A5B8F0061CD6A /* PBXContainerItemProxy */;
		};
/* End PBXTargetDependency section */

/* Begin PBXVariantGroup section */
		F0A93D9B2A0A5B8C0061CD6A /* Main.storyboard */ = {
			isa = PBXVariantGroup;
			children = (
				F0A93D9C2A0A5B8C0061CD6A /* Base */,
			);
			name = Main.storyboard;
			sourceTree = "<group>";
		};
		F0A93DA02A0A5B8F0061CD6A /* LaunchScreen.storyboard */ = {
			isa = PBXVariantGroup;
			children = (
				F0A93DA12A0A5B8F0061CD6A /* Base */,
			);
			name = LaunchScreen.storyboard;
			sourceTree = "<group>";
		};
/* End PBXVariantGroup section */

/* Begin XCBuildConfiguration section */
		F0A93DBA2A0A5B8F0061CD6A /* Debug */ = {
			isa = XCBuildConfiguration;
			buildSettings = {
				ALWAYS_SEARCH_USER_PATHS = NO;
				CLANG_ANALYZER_NONNULL = YES;
				CLANG_ANALYZER_NUMBER_OBJECT_CONVERSION = YES_AGGRESSIVE;
				CLANG_CXX_LANGUAGE_STANDARD = "gnu++20";
				CLANG_ENABLE_MODULES = YES;
				CLANG_ENABLE_OBJC_ARC = YES;
				CLANG_ENABLE_OBJC_WEAK = YES;
				CLANG_WARN_BLOCK_CAPTURE_AUTORELEASING = YES;
				CLANG_WARN_BOOL_CONVERSION = YES;
				CLANG_WARN_COMMA = YES;
				CLANG_WARN_CONSTANT_CONVERSION = YES;
				CLANG_WARN_DEPRECATED_OBJC_IMPLEMENTATIONS = YES;
				CLANG_WARN_DIRECT_OBJC_ISA_USAGE = YES_ERROR;
				CLANG_WARN_DOCUMENTATION_COMMENTS = YES;
				CLANG_WARN_EMPTY_BODY = YES;
				CLANG_WARN_ENUM_CONVERSION = YES;
				CLANG_WARN_INFINITE_RECURSION = YES;
				CLANG_WARN_INT_CONVERSION = YES;
				CLANG_WARN_NON_LITERAL_NULL_CONVERSION = YES;
				CLANG_WARN_OBJC_IMPLICIT_RETAIN_SELF = YES;
				CLANG_WARN_OBJC_LITERAL_CONVERSION = YES;
				CLANG_WARN_OBJC_ROOT_CLASS = YES_ERROR;
				CLANG_WARN_QUOTED_INCLUDE_IN_FRAMEWORK_HEADER = YES;
				CLANG_WARN_RANGE_LOOP_ANALYSIS = YES;
				CLANG_WARN_STRICT_PROTOTYPES = YES;
				CLANG_WARN_SUSPICIOUS_MOVE = YES;
				CLANG_WARN_UNGUARDED_AVAILABILITY = YES_AGGRESSIVE;
				CLANG_WARN_UNREACHABLE_CODE = YES;
				CLANG_WARN__DUPLICATE_METHOD_MATCH = YES;
				COPY_PHASE_STRIP = NO;
				DEBUG_INFORMATION_FORMAT = dwarf;
				ENABLE_STRICT_OBJC_MSGSEND = YES;
				ENABLE_TESTABILITY = YES;
				GCC_C_LANGUAGE_STANDARD = gnu11;
				GCC_DYNAMIC_NO_PIC = NO;
				GCC_NO_COMMON_BLOCKS = YES;
				GCC_OPTIMIZATION_LEVEL = 0;
				GCC_PREPROCESSOR_DEFINITIONS = (
					"DEBUG=1",
					"$(inherited)",
				);
				GCC_WARN_64_TO_32_BIT_CONVERSION = YES;
				GCC_WARN_ABOUT_RETURN_TYPE = YES_ERROR;
				GCC_WARN_UNDECLARED_SELECTOR = YES;
				GCC_WARN_UNINITIALIZED_AUTOS = YES_AGGRESSIVE;
				GCC_WARN_UNUSED_FUNCTION = YES;
				GCC_WARN_UNUSED_VARIABLE = YES;
				IPHONEOS_DEPLOYMENT_TARGET = 16.2;
				MTL_ENABLE_DEBUG_INFO = INCLUDE_SOURCE;
				MTL_FAST_MATH = YES;
				ONLY_ACTIVE_ARCH = YES;
				SDKROOT = iphoneos;
				SWIFT_ACTIVE_COMPILATION_CONDITIONS = DEBUG;
				SWIFT_OPTIMIZATION_LEVEL = "-Onone";
			};
			name = Debug;
		};
		F0A93DBB2A0A5B8F0061CD6A /* Release */ = {
			isa = XCBuildConfiguration;
			buildSettings = {
				ALWAYS_SEARCH_USER_PATHS = NO;
				CLANG_ANALYZER_NONNULL = YES;
				CLANG_ANALYZER_NUMBER_OBJECT_CONVERSION = YES_AGGRESSIVE;
				CLANG_CXX_LANGUAGE_STANDARD = "gnu++20";
				CLANG_ENABLE_MODULES = YES;
				CLANG_ENABLE_OBJC_ARC = YES;
				CLANG_ENABLE_OBJC_WEAK = YES;
				CLANG_WARN_BLOCK_CAPTURE_AUTORELEASING = YES;
				CLANG_WARN_BOOL_CONVERSION = YES;
				CLANG_WARN_COMMA = YES;
				CLANG_WARN_CONSTANT_CONVERSION = YES;
				CLANG_WARN_DEPRECATED_OBJC_IMPLEMENTATIONS = YES;
				CLANG_WARN_DIRECT_OBJC_ISA_USAGE = YES_ERROR;
				CLANG_WARN_DOCUMENTATION_COMMENTS = YES;
				CLANG_WARN_EMPTY_BODY = YES;
				CLANG_WARN_ENUM_CONVERSION = YES;
				CLANG_WARN_INFINITE_RECURSION = YES;
				CLANG_WARN_INT_CONVERSION = YES;
				CLANG_WARN_NON_LITERAL_NULL_CONVERSION = YES;
				CLANG_WARN_OBJC_IMPLICIT_RETAIN_SELF = YES;
				CLANG_WARN_OBJC_LITERAL_CONVERSION = YES;
				CLANG_WARN_OBJC_ROOT_CLASS = YES_ERROR;
				CLANG_WARN_QUOTED_INCLUDE_IN_FRAMEWORK_HEADER = YES;
				CLANG_WARN_RANGE_LOOP_ANALYSIS = YES;
				CLANG_WARN_STRICT_PROTOTYPES = YES;
				CLANG_WARN_SUSPICIOUS_MOVE = YES;
				CLANG_WARN_UNGUARDED_AVAILABILITY = YES_AGGRESSIVE;
				CLANG_WARN_UNREACHABLE_CODE = YES;
				CLANG_WARN__DUPLICATE_METHOD_MATCH = YES;
				COPY_PHASE_STRIP = NO;
				DEBUG_INFORMATION_FORMAT = "dwarf-with-dsym";
				ENABLE_NS_ASSERTIONS = NO;
				ENABLE_STRICT_OBJC_MSGSEND = YES;
				GCC_C_LANGUAGE_STANDARD = gnu11;
				GCC_NO_COMMON_BLOCKS = YES;
				GCC_WARN_64_TO_32_BIT_CONVERSION = YES;
				GCC_WARN_ABOUT_RETURN_TYPE = YES_ERROR;
				GCC_WARN_UNDECLARED_SELECTOR = YES;
				GCC_WARN_UNINITIALIZED_AUTOS = YES_AGGRESSIVE;
				GCC_WARN_UNUSED_FUNCTION = YES;
				GCC_WARN_UNUSED_VARIABLE = YES;
				IPHONEOS_DEPLOYMENT_TARGET = 16.2;
				MTL_ENABLE_DEBUG_INFO = NO;
				MTL_FAST_MATH = YES;
				SDKROOT = iphoneos;
				SWIFT_COMPILATION_MODE = wholemodule;
				SWIFT_OPTIMIZATION_LEVEL = "-O";
				VALIDATE_PRODUCT = YES;
			};
			name = Release;
		};
		F0A93DBD2A0A5B8F0061CD6A /* Debug */ = {
			isa = XCBuildConfiguration;
			buildSettings = {
				ASSETCATALOG_COMPILER_APPICON_NAME = AppIcon;
				ASSETCATALOG_COMPILER_GLOBAL_ACCENT_COLOR_NAME = AccentColor;
				CODE_SIGN_STYLE = Automatic;
				CURRENT_PROJECT_VERSION = 1;
				DEVELOPMENT_TEAM = DTNM4439C9;
				GENERATE_INFOPLIST_FILE = YES;
				INFOPLIST_FILE = "Currency converter/Info.plist";
				INFOPLIST_KEY_CFBundleDisplayName = "Curency converter";
				INFOPLIST_KEY_UIApplicationSupportsIndirectInputEvents = YES;
				INFOPLIST_KEY_UILaunchStoryboardName = LaunchScreen;
				INFOPLIST_KEY_UIMainStoryboardFile = Main;
				INFOPLIST_KEY_UISupportedInterfaceOrientations_iPad = "UIInterfaceOrientationPortrait UIInterfaceOrientationPortraitUpsideDown UIInterfaceOrientationLandscapeLeft UIInterfaceOrientationLandscapeRight";
				INFOPLIST_KEY_UISupportedInterfaceOrientations_iPhone = "UIInterfaceOrientationPortrait UIInterfaceOrientationLandscapeLeft UIInterfaceOrientationLandscapeRight";
				IPHONEOS_DEPLOYMENT_TARGET = 14.0;
				LD_RUNPATH_SEARCH_PATHS = (
					"$(inherited)",
					"@executable_path/Frameworks",
				);
				MARKETING_VERSION = 1.0;
				PRODUCT_BUNDLE_IDENTIFIER = com.currencyconverter.fox;
				PRODUCT_NAME = "$(TARGET_NAME)";
				SUPPORTED_PLATFORMS = "iphoneos iphonesimulator";
				SUPPORTS_MACCATALYST = NO;
				SUPPORTS_MAC_DESIGNED_FOR_IPHONE_IPAD = NO;
				SWIFT_EMIT_LOC_STRINGS = YES;
				SWIFT_VERSION = 5.0;
				TARGETED_DEVICE_FAMILY = "1,2";
			};
			name = Debug;
		};
		F0A93DBE2A0A5B8F0061CD6A /* Release */ = {
			isa = XCBuildConfiguration;
			buildSettings = {
				ASSETCATALOG_COMPILER_APPICON_NAME = AppIcon;
				ASSETCATALOG_COMPILER_GLOBAL_ACCENT_COLOR_NAME = AccentColor;
				CODE_SIGN_STYLE = Automatic;
				CURRENT_PROJECT_VERSION = 1;
				DEVELOPMENT_TEAM = DTNM4439C9;
				GENERATE_INFOPLIST_FILE = YES;
				INFOPLIST_FILE = "Currency converter/Info.plist";
				INFOPLIST_KEY_CFBundleDisplayName = "Curency converter";
				INFOPLIST_KEY_UIApplicationSupportsIndirectInputEvents = YES;
				INFOPLIST_KEY_UILaunchStoryboardName = LaunchScreen;
				INFOPLIST_KEY_UIMainStoryboardFile = Main;
				INFOPLIST_KEY_UISupportedInterfaceOrientations_iPad = "UIInterfaceOrientationPortrait UIInterfaceOrientationPortraitUpsideDown UIInterfaceOrientationLandscapeLeft UIInterfaceOrientationLandscapeRight";
				INFOPLIST_KEY_UISupportedInterfaceOrientations_iPhone = "UIInterfaceOrientationPortrait UIInterfaceOrientationLandscapeLeft UIInterfaceOrientationLandscapeRight";
				IPHONEOS_DEPLOYMENT_TARGET = 14.0;
				LD_RUNPATH_SEARCH_PATHS = (
					"$(inherited)",
					"@executable_path/Frameworks",
				);
				MARKETING_VERSION = 1.0;
				PRODUCT_BUNDLE_IDENTIFIER = com.currencyconverter.fox;
				PRODUCT_NAME = "$(TARGET_NAME)";
				SUPPORTED_PLATFORMS = "iphoneos iphonesimulator";
				SUPPORTS_MACCATALYST = NO;
				SUPPORTS_MAC_DESIGNED_FOR_IPHONE_IPAD = NO;
				SWIFT_EMIT_LOC_STRINGS = YES;
				SWIFT_VERSION = 5.0;
				TARGETED_DEVICE_FAMILY = "1,2";
			};
			name = Release;
		};
		F0A93DC02A0A5B8F0061CD6A /* Debug */ = {
			isa = XCBuildConfiguration;
			buildSettings = {
				ALWAYS_EMBED_SWIFT_STANDARD_LIBRARIES = YES;
				BUNDLE_LOADER = "$(TEST_HOST)";
				CODE_SIGN_STYLE = Automatic;
				CURRENT_PROJECT_VERSION = 1;
				DEVELOPMENT_TEAM = DTNM4439C9;
				GENERATE_INFOPLIST_FILE = YES;
				IPHONEOS_DEPLOYMENT_TARGET = 14.0;
				MARKETING_VERSION = 1.0;
				PRODUCT_BUNDLE_IDENTIFIER = "com.Currency-converterTests";
				PRODUCT_NAME = "$(TARGET_NAME)";
				SUPPORTED_PLATFORMS = "iphoneos iphonesimulator";
				SUPPORTS_MACCATALYST = NO;
				SUPPORTS_MAC_DESIGNED_FOR_IPHONE_IPAD = NO;
				SWIFT_EMIT_LOC_STRINGS = NO;
				SWIFT_VERSION = 5.0;
				TARGETED_DEVICE_FAMILY = "1,2";
				TEST_HOST = "$(BUILT_PRODUCTS_DIR)/Currency converter.app/$(BUNDLE_EXECUTABLE_FOLDER_PATH)/Currency converter";
			};
			name = Debug;
		};
		F0A93DC12A0A5B8F0061CD6A /* Release */ = {
			isa = XCBuildConfiguration;
			buildSettings = {
				ALWAYS_EMBED_SWIFT_STANDARD_LIBRARIES = YES;
				BUNDLE_LOADER = "$(TEST_HOST)";
				CODE_SIGN_STYLE = Automatic;
				CURRENT_PROJECT_VERSION = 1;
				DEVELOPMENT_TEAM = DTNM4439C9;
				GENERATE_INFOPLIST_FILE = YES;
				IPHONEOS_DEPLOYMENT_TARGET = 14.0;
				MARKETING_VERSION = 1.0;
				PRODUCT_BUNDLE_IDENTIFIER = "com.Currency-converterTests";
				PRODUCT_NAME = "$(TARGET_NAME)";
				SUPPORTED_PLATFORMS = "iphoneos iphonesimulator";
				SUPPORTS_MACCATALYST = NO;
				SUPPORTS_MAC_DESIGNED_FOR_IPHONE_IPAD = NO;
				SWIFT_EMIT_LOC_STRINGS = NO;
				SWIFT_VERSION = 5.0;
				TARGETED_DEVICE_FAMILY = "1,2";
				TEST_HOST = "$(BUILT_PRODUCTS_DIR)/Currency converter.app/$(BUNDLE_EXECUTABLE_FOLDER_PATH)/Currency converter";
			};
			name = Release;
		};
		F0A93DC32A0A5B8F0061CD6A /* Debug */ = {
			isa = XCBuildConfiguration;
			buildSettings = {
				ALWAYS_EMBED_SWIFT_STANDARD_LIBRARIES = YES;
				CODE_SIGN_STYLE = Automatic;
				CURRENT_PROJECT_VERSION = 1;
				DEVELOPMENT_TEAM = DTNM4439C9;
				GENERATE_INFOPLIST_FILE = YES;
				IPHONEOS_DEPLOYMENT_TARGET = 14.0;
				MARKETING_VERSION = 1.0;
				PRODUCT_BUNDLE_IDENTIFIER = "com.Currency-converterUITests";
				PRODUCT_NAME = "$(TARGET_NAME)";
				SUPPORTED_PLATFORMS = "iphoneos iphonesimulator";
				SUPPORTS_MACCATALYST = NO;
				SUPPORTS_MAC_DESIGNED_FOR_IPHONE_IPAD = NO;
				SWIFT_EMIT_LOC_STRINGS = NO;
				SWIFT_VERSION = 5.0;
				TARGETED_DEVICE_FAMILY = "1,2";
				TEST_TARGET_NAME = "Currency converter";
			};
			name = Debug;
		};
		F0A93DC42A0A5B8F0061CD6A /* Release */ = {
			isa = XCBuildConfiguration;
			buildSettings = {
				ALWAYS_EMBED_SWIFT_STANDARD_LIBRARIES = YES;
				CODE_SIGN_STYLE = Automatic;
				CURRENT_PROJECT_VERSION = 1;
				DEVELOPMENT_TEAM = DTNM4439C9;
				GENERATE_INFOPLIST_FILE = YES;
				IPHONEOS_DEPLOYMENT_TARGET = 14.0;
				MARKETING_VERSION = 1.0;
				PRODUCT_BUNDLE_IDENTIFIER = "com.Currency-converterUITests";
				PRODUCT_NAME = "$(TARGET_NAME)";
				SUPPORTED_PLATFORMS = "iphoneos iphonesimulator";
				SUPPORTS_MACCATALYST = NO;
				SUPPORTS_MAC_DESIGNED_FOR_IPHONE_IPAD = NO;
				SWIFT_EMIT_LOC_STRINGS = NO;
				SWIFT_VERSION = 5.0;
				TARGETED_DEVICE_FAMILY = "1,2";
				TEST_TARGET_NAME = "Currency converter";
			};
			name = Release;
		};
/* End XCBuildConfiguration section */

/* Begin XCConfigurationList section */
		F0A93D8D2A0A5B8C0061CD6A /* Build configuration list for PBXProject "Currency converter" */ = {
			isa = XCConfigurationList;
			buildConfigurations = (
				F0A93DBA2A0A5B8F0061CD6A /* Debug */,
				F0A93DBB2A0A5B8F0061CD6A /* Release */,
			);
			defaultConfigurationIsVisible = 0;
			defaultConfigurationName = Release;
		};
		F0A93DBC2A0A5B8F0061CD6A /* Build configuration list for PBXNativeTarget "Currency converter" */ = {
			isa = XCConfigurationList;
			buildConfigurations = (
				F0A93DBD2A0A5B8F0061CD6A /* Debug */,
				F0A93DBE2A0A5B8F0061CD6A /* Release */,
			);
			defaultConfigurationIsVisible = 0;
			defaultConfigurationName = Release;
		};
		F0A93DBF2A0A5B8F0061CD6A /* Build configuration list for PBXNativeTarget "Currency converterTests" */ = {
			isa = XCConfigurationList;
			buildConfigurations = (
				F0A93DC02A0A5B8F0061CD6A /* Debug */,
				F0A93DC12A0A5B8F0061CD6A /* Release */,
			);
			defaultConfigurationIsVisible = 0;
			defaultConfigurationName = Release;
		};
		F0A93DC22A0A5B8F0061CD6A /* Build configuration list for PBXNativeTarget "Currency converterUITests" */ = {
			isa = XCConfigurationList;
			buildConfigurations = (
				F0A93DC32A0A5B8F0061CD6A /* Debug */,
				F0A93DC42A0A5B8F0061CD6A /* Release */,
			);
			defaultConfigurationIsVisible = 0;
			defaultConfigurationName = Release;
		};
/* End XCConfigurationList section */
	};
	rootObject = F0A93D8A2A0A5B8C0061CD6A /* Project object */;
}
